// !$*UTF8*$!
{
	archiveVersion = 1;
	classes = {
	};
	objectVersion = 52;
	objects = {

/* Begin PBXBuildFile section */
		B028739F209FF2C00093FE26 /* uncrustify.cfg in Resources */ = {isa = PBXBuildFile; fileRef = B0287399209FF27C0093FE26 /* uncrustify.cfg */; };
		B02E4FF92112D8FF004F0EA5 /* AppDelegate.swift in Sources */ = {isa = PBXBuildFile; fileRef = B02E4FF82112D8FF004F0EA5 /* AppDelegate.swift */; };
		B02E50192112DA7A004F0EA5 /* MainViewController.swift in Sources */ = {isa = PBXBuildFile; fileRef = B02E50182112DA7A004F0EA5 /* MainViewController.swift */; };
		B02E501A2112DC84004F0EA5 /* Task.swift in Sources */ = {isa = PBXBuildFile; fileRef = B01536FA2111C7F100F89B9A /* Task.swift */; };
		B02E501B2112DC86004F0EA5 /* Constants.swift in Sources */ = {isa = PBXBuildFile; fileRef = B02E4FF62112B063004F0EA5 /* Constants.swift */; };
		B02E501D2112DCBF004F0EA5 /* FormatterExtension.swift in Sources */ = {isa = PBXBuildFile; fileRef = B02E501C2112DCBF004F0EA5 /* FormatterExtension.swift */; };
		B02E501F2112DCD3004F0EA5 /* FormatterCommand.swift in Sources */ = {isa = PBXBuildFile; fileRef = B02E501E2112DCD3004F0EA5 /* FormatterCommand.swift */; };
		B0565F8F22D84E3400391279 /* AppGroup.swift in Sources */ = {isa = PBXBuildFile; fileRef = B0565F8E22D84E3400391279 /* AppGroup.swift */; };
		B0565F9022D84E9B00391279 /* AppGroup.swift in Sources */ = {isa = PBXBuildFile; fileRef = B0565F8E22D84E3400391279 /* AppGroup.swift */; };
		B0565F9222D84F4F00391279 /* Executable.swift in Sources */ = {isa = PBXBuildFile; fileRef = B0565F9122D84F4F00391279 /* Executable.swift */; };
		B0565F9522D84FC400391279 /* Executable.swift in Sources */ = {isa = PBXBuildFile; fileRef = B0565F9122D84F4F00391279 /* Executable.swift */; };
		B0565F9622D84FCA00391279 /* Util.swift in Sources */ = {isa = PBXBuildFile; fileRef = B0B6CC6B22720DBD00BD940C /* Util.swift */; };
		B0565F9822D8527500391279 /* Error.swift in Sources */ = {isa = PBXBuildFile; fileRef = B0565F9722D8527500391279 /* Error.swift */; };
		B0565F9922D852F500391279 /* Error.swift in Sources */ = {isa = PBXBuildFile; fileRef = B0565F9722D8527500391279 /* Error.swift */; };
		B0565F9B22D858DC00391279 /* uncrustify.cfg in Resources */ = {isa = PBXBuildFile; fileRef = B0287399209FF27C0093FE26 /* uncrustify.cfg */; };
		B061F45022E1D1BF00D53444 /* SwiftFormat.swift in Sources */ = {isa = PBXBuildFile; fileRef = B061F44F22E1D1BF00D53444 /* SwiftFormat.swift */; };
		B061F45122E1D1BF00D53444 /* SwiftFormat.swift in Sources */ = {isa = PBXBuildFile; fileRef = B061F44F22E1D1BF00D53444 /* SwiftFormat.swift */; };
		B061F45322E1D1DA00D53444 /* Uncrustify.swift in Sources */ = {isa = PBXBuildFile; fileRef = B061F45222E1D1DA00D53444 /* Uncrustify.swift */; };
		B061F45422E1D1DA00D53444 /* Uncrustify.swift in Sources */ = {isa = PBXBuildFile; fileRef = B061F45222E1D1DA00D53444 /* Uncrustify.swift */; };
		B07A5EC02563C3CE005FD116 /* XcodeKit.framework in Frameworks */ = {isa = PBXBuildFile; fileRef = B06D1FFA2563B11E009FB754 /* XcodeKit.framework */; };
		B07A5EC12563C3CE005FD116 /* XcodeKit.framework in Embed Frameworks */ = {isa = PBXBuildFile; fileRef = B06D1FFA2563B11E009FB754 /* XcodeKit.framework */; settings = {ATTRIBUTES = (CodeSignOnCopy, RemoveHeadersOnCopy, ); }; };
		B0A293AD1DAF64F700CF98C4 /* Assets.xcassets in Resources */ = {isa = PBXBuildFile; fileRef = B0A293AC1DAF64F700CF98C4 /* Assets.xcassets */; };
		B0A293B01DAF64F700CF98C4 /* Main.storyboard in Resources */ = {isa = PBXBuildFile; fileRef = B0A293AE1DAF64F700CF98C4 /* Main.storyboard */; };
		B0A293BE1DAF650C00CF98C4 /* Cocoa.framework in Frameworks */ = {isa = PBXBuildFile; fileRef = B0A293BD1DAF650C00CF98C4 /* Cocoa.framework */; };
		B0A293CB1DAF650C00CF98C4 /* SourceExtension.appex in Embed App Extensions */ = {isa = PBXBuildFile; fileRef = B0A293BB1DAF650C00CF98C4 /* SourceExtension.appex */; settings = {ATTRIBUTES = (RemoveHeadersOnCopy, ); }; };
		B0AABFF72567B3020023FE00 /* swiftformat.yaml in Resources */ = {isa = PBXBuildFile; fileRef = B0AABFF42567B1810023FE00 /* swiftformat.yaml */; };
		B0AABFF92567B3020023FE00 /* swiftformat.yaml in Resources */ = {isa = PBXBuildFile; fileRef = B0AABFF42567B1810023FE00 /* swiftformat.yaml */; };
		B0AFE3A42567707500AC4921 /* Yams in Frameworks */ = {isa = PBXBuildFile; productRef = B0AFE3A32567707500AC4921 /* Yams */; };
		B0AFE3A7256770A200AC4921 /* Yams in Frameworks */ = {isa = PBXBuildFile; productRef = B0AFE3A6256770A200AC4921 /* Yams */; };
		B0B6CC6C22720DBD00BD940C /* Util.swift in Sources */ = {isa = PBXBuildFile; fileRef = B0B6CC6B22720DBD00BD940C /* Util.swift */; };
		B0FD8AD024C2A6420063C930 /* uncrustify in Copy CLI */ = {isa = PBXBuildFile; fileRef = B04CA0FF24C2190E00FABA63 /* uncrustify */; };
		B0FD8AD124C2A6470063C930 /* swiftformat in Copy CLI */ = {isa = PBXBuildFile; fileRef = B04CA04B24C218FF00FABA63 /* swiftformat */; };
/* End PBXBuildFile section */

/* Begin PBXContainerItemProxy section */
		B04CA04424C218FF00FABA63 /* PBXContainerItemProxy */ = {
			isa = PBXContainerItemProxy;
			containerPortal = B04CA03B24C218FF00FABA63 /* SwiftFormat.xcodeproj */;
			proxyType = 2;
			remoteGlobalIDString = 01A0EAA41D5DB4CF00A0A8E3;
			remoteInfo = SwiftFormat;
		};
		B04CA04624C218FF00FABA63 /* PBXContainerItemProxy */ = {
			isa = PBXContainerItemProxy;
			containerPortal = B04CA03B24C218FF00FABA63 /* SwiftFormat.xcodeproj */;
			proxyType = 2;
			remoteGlobalIDString = 01A0EAAE1D5DB4D000A0A8E3;
			remoteInfo = SwiftFormatTests;
		};
		B04CA04824C218FF00FABA63 /* PBXContainerItemProxy */ = {
			isa = PBXContainerItemProxy;
			containerPortal = B04CA03B24C218FF00FABA63 /* SwiftFormat.xcodeproj */;
			proxyType = 2;
			remoteGlobalIDString = 015AF2C51DC6A538008F0A8C;
			remoteInfo = SwiftFormatPerfTests;
		};
		B04CA04A24C218FF00FABA63 /* PBXContainerItemProxy */ = {
			isa = PBXContainerItemProxy;
			containerPortal = B04CA03B24C218FF00FABA63 /* SwiftFormat.xcodeproj */;
			proxyType = 2;
			remoteGlobalIDString = 01A0EACA1D5DB5F500A0A8E3;
			remoteInfo = CommandLineTool;
		};
		B04CA04C24C218FF00FABA63 /* PBXContainerItemProxy */ = {
			isa = PBXContainerItemProxy;
			containerPortal = B04CA03B24C218FF00FABA63 /* SwiftFormat.xcodeproj */;
			proxyType = 2;
			remoteGlobalIDString = 90C4B6CA1DA4B04A009EB000;
			remoteInfo = "SwiftFormat for Xcode";
		};
		B04CA04E24C218FF00FABA63 /* PBXContainerItemProxy */ = {
			isa = PBXContainerItemProxy;
			containerPortal = B04CA03B24C218FF00FABA63 /* SwiftFormat.xcodeproj */;
			proxyType = 2;
			remoteGlobalIDString = 90C4B6DD1DA4B059009EB000;
			remoteInfo = "Editor Extension";
		};
		B04CA0FE24C2190E00FABA63 /* PBXContainerItemProxy */ = {
			isa = PBXContainerItemProxy;
			containerPortal = B04CA05024C2190E00FABA63 /* uncrustify.xcodeproj */;
			proxyType = 2;
			remoteGlobalIDString = C6B323086BD345F297590A70;
			remoteInfo = uncrustify;
		};
		B04CA10524C21A7500FABA63 /* PBXContainerItemProxy */ = {
			isa = PBXContainerItemProxy;
			containerPortal = B04CA05024C2190E00FABA63 /* uncrustify.xcodeproj */;
			proxyType = 1;
			remoteGlobalIDString = D9441249A1784613BE627E4A;
			remoteInfo = uncrustify;
		};
		B04CA10724C21A7B00FABA63 /* PBXContainerItemProxy */ = {
			isa = PBXContainerItemProxy;
			containerPortal = B04CA03B24C218FF00FABA63 /* SwiftFormat.xcodeproj */;
			proxyType = 1;
			remoteGlobalIDString = 01A0EAC91D5DB5F500A0A8E3;
			remoteInfo = CommandLineTool;
		};
		B0A293C91DAF650C00CF98C4 /* PBXContainerItemProxy */ = {
			isa = PBXContainerItemProxy;
			containerPortal = B0A293981DAF64F700CF98C4 /* Project object */;
			proxyType = 1;
			remoteGlobalIDString = B0A293BA1DAF650C00CF98C4;
			remoteInfo = SourceExtension;
		};
/* End PBXContainerItemProxy section */

/* Begin PBXCopyFilesBuildPhase section */
		B07A5EC22563C3CE005FD116 /* Embed Frameworks */ = {
			isa = PBXCopyFilesBuildPhase;
			buildActionMask = 2147483647;
			dstPath = "";
			dstSubfolderSpec = 10;
			files = (
				B07A5EC12563C3CE005FD116 /* XcodeKit.framework in Embed Frameworks */,
			);
			name = "Embed Frameworks";
			runOnlyForDeploymentPostprocessing = 0;
		};
		B0A293CF1DAF650C00CF98C4 /* Embed App Extensions */ = {
			isa = PBXCopyFilesBuildPhase;
			buildActionMask = 2147483647;
			dstPath = "";
			dstSubfolderSpec = 13;
			files = (
				B0A293CB1DAF650C00CF98C4 /* SourceExtension.appex in Embed App Extensions */,
			);
			name = "Embed App Extensions";
			runOnlyForDeploymentPostprocessing = 0;
		};
		B0FD8ACF24C2A6390063C930 /* Copy CLI */ = {
			isa = PBXCopyFilesBuildPhase;
			buildActionMask = 2147483647;
			dstPath = "";
			dstSubfolderSpec = 7;
			files = (
				B0FD8AD124C2A6470063C930 /* swiftformat in Copy CLI */,
				B0FD8AD024C2A6420063C930 /* uncrustify in Copy CLI */,
			);
			name = "Copy CLI";
			runOnlyForDeploymentPostprocessing = 0;
		};
/* End PBXCopyFilesBuildPhase section */

/* Begin PBXFileReference section */
		B01536F92111C7F100F89B9A /* XCFormat-Bridging-Header.h */ = {isa = PBXFileReference; lastKnownFileType = sourcecode.c.h; path = "XCFormat-Bridging-Header.h"; sourceTree = "<group>"; };
		B01536FA2111C7F100F89B9A /* Task.swift */ = {isa = PBXFileReference; lastKnownFileType = sourcecode.swift; path = Task.swift; sourceTree = "<group>"; };
		B0287399209FF27C0093FE26 /* uncrustify.cfg */ = {isa = PBXFileReference; fileEncoding = 4; lastKnownFileType = text; path = uncrustify.cfg; sourceTree = "<group>"; };
		B02E4FF62112B063004F0EA5 /* Constants.swift */ = {isa = PBXFileReference; lastKnownFileType = sourcecode.swift; path = Constants.swift; sourceTree = "<group>"; };
		B02E4FF82112D8FF004F0EA5 /* AppDelegate.swift */ = {isa = PBXFileReference; lastKnownFileType = sourcecode.swift; path = AppDelegate.swift; sourceTree = "<group>"; };
		B02E50182112DA7A004F0EA5 /* MainViewController.swift */ = {isa = PBXFileReference; lastKnownFileType = sourcecode.swift; path = MainViewController.swift; sourceTree = "<group>"; };
		B02E501C2112DCBF004F0EA5 /* FormatterExtension.swift */ = {isa = PBXFileReference; lastKnownFileType = sourcecode.swift; path = FormatterExtension.swift; sourceTree = "<group>"; };
		B02E501E2112DCD3004F0EA5 /* FormatterCommand.swift */ = {isa = PBXFileReference; lastKnownFileType = sourcecode.swift; path = FormatterCommand.swift; sourceTree = "<group>"; };
		B0395D0B21141AD900427DBB /* Binary.entitlements */ = {isa = PBXFileReference; fileEncoding = 4; lastKnownFileType = text.plist.entitlements; path = Binary.entitlements; sourceTree = "<group>"; };
		B04CA03B24C218FF00FABA63 /* SwiftFormat.xcodeproj */ = {isa = PBXFileReference; lastKnownFileType = "wrapper.pb-project"; name = SwiftFormat.xcodeproj; path = Externals/SwiftFormat/SwiftFormat.xcodeproj; sourceTree = SOURCE_ROOT; };
		B04CA05024C2190E00FABA63 /* uncrustify.xcodeproj */ = {isa = PBXFileReference; lastKnownFileType = "wrapper.pb-project"; name = uncrustify.xcodeproj; path = Externals/uncrustify/build/uncrustify.xcodeproj; sourceTree = SOURCE_ROOT; };
		B0565F8E22D84E3400391279 /* AppGroup.swift */ = {isa = PBXFileReference; lastKnownFileType = sourcecode.swift; path = AppGroup.swift; sourceTree = "<group>"; };
		B0565F9122D84F4F00391279 /* Executable.swift */ = {isa = PBXFileReference; lastKnownFileType = sourcecode.swift; path = Executable.swift; sourceTree = "<group>"; };
		B0565F9722D8527500391279 /* Error.swift */ = {isa = PBXFileReference; lastKnownFileType = sourcecode.swift; path = Error.swift; sourceTree = "<group>"; };
		B061F44F22E1D1BF00D53444 /* SwiftFormat.swift */ = {isa = PBXFileReference; lastKnownFileType = sourcecode.swift; path = SwiftFormat.swift; sourceTree = "<group>"; };
		B061F45222E1D1DA00D53444 /* Uncrustify.swift */ = {isa = PBXFileReference; lastKnownFileType = sourcecode.swift; path = Uncrustify.swift; sourceTree = "<group>"; };
		B06D1FFA2563B11E009FB754 /* XcodeKit.framework */ = {isa = PBXFileReference; lastKnownFileType = wrapper.framework; name = XcodeKit.framework; path = Library/Frameworks/XcodeKit.framework; sourceTree = DEVELOPER_DIR; };
		B0A293A01DAF64F700CF98C4 /* XCFormat.app */ = {isa = PBXFileReference; explicitFileType = wrapper.application; includeInIndex = 0; path = XCFormat.app; sourceTree = BUILT_PRODUCTS_DIR; };
		B0A293AC1DAF64F700CF98C4 /* Assets.xcassets */ = {isa = PBXFileReference; lastKnownFileType = folder.assetcatalog; path = Assets.xcassets; sourceTree = "<group>"; };
		B0A293AF1DAF64F700CF98C4 /* Base */ = {isa = PBXFileReference; lastKnownFileType = file.storyboard; name = Base; path = Base.lproj/Main.storyboard; sourceTree = "<group>"; };
		B0A293B11DAF64F700CF98C4 /* Info.plist */ = {isa = PBXFileReference; lastKnownFileType = text.plist.xml; path = Info.plist; sourceTree = "<group>"; };
		B0A293BB1DAF650C00CF98C4 /* SourceExtension.appex */ = {isa = PBXFileReference; explicitFileType = "wrapper.app-extension"; includeInIndex = 0; path = SourceExtension.appex; sourceTree = BUILT_PRODUCTS_DIR; };
		B0A293BD1DAF650C00CF98C4 /* Cocoa.framework */ = {isa = PBXFileReference; lastKnownFileType = wrapper.framework; name = Cocoa.framework; path = System/Library/Frameworks/Cocoa.framework; sourceTree = SDKROOT; };
		B0A293C11DAF650C00CF98C4 /* SourceExtension.entitlements */ = {isa = PBXFileReference; lastKnownFileType = text.plist.entitlements; path = SourceExtension.entitlements; sourceTree = "<group>"; };
		B0A293C81DAF650C00CF98C4 /* Info.plist */ = {isa = PBXFileReference; lastKnownFileType = text.plist.xml; path = Info.plist; sourceTree = "<group>"; };
		B0A293DB1DAF8CA800CF98C4 /* XCFormat.entitlements */ = {isa = PBXFileReference; lastKnownFileType = text.plist.entitlements; path = XCFormat.entitlements; sourceTree = "<group>"; };
		B0AABFF42567B1810023FE00 /* swiftformat.yaml */ = {isa = PBXFileReference; lastKnownFileType = text.yaml; path = swiftformat.yaml; sourceTree = "<group>"; };
		B0B6CC6B22720DBD00BD940C /* Util.swift */ = {isa = PBXFileReference; lastKnownFileType = sourcecode.swift; path = Util.swift; sourceTree = "<group>"; };
/* End PBXFileReference section */

/* Begin PBXFrameworksBuildPhase section */
		B0A2939D1DAF64F700CF98C4 /* Frameworks */ = {
			isa = PBXFrameworksBuildPhase;
			buildActionMask = 2147483647;
			files = (
				B0AFE3A42567707500AC4921 /* Yams in Frameworks */,
			);
			runOnlyForDeploymentPostprocessing = 0;
		};
		B0A293B81DAF650C00CF98C4 /* Frameworks */ = {
			isa = PBXFrameworksBuildPhase;
			buildActionMask = 2147483647;
			files = (
				B0A293BE1DAF650C00CF98C4 /* Cocoa.framework in Frameworks */,
				B0AFE3A7256770A200AC4921 /* Yams in Frameworks */,
				B07A5EC02563C3CE005FD116 /* XcodeKit.framework in Frameworks */,
			);
			runOnlyForDeploymentPostprocessing = 0;
		};
/* End PBXFrameworksBuildPhase section */

/* Begin PBXGroup section */
		B0287396209FF25F0093FE26 /* uncrustify */ = {
			isa = PBXGroup;
			children = (
				B0287399209FF27C0093FE26 /* uncrustify.cfg */,
				B04CA05024C2190E00FABA63 /* uncrustify.xcodeproj */,
			);
			path = uncrustify;
			sourceTree = "<group>";
		};
		B0395D0621141A8800427DBB /* SwiftFormat */ = {
			isa = PBXGroup;
			children = (
				B0AABFF42567B1810023FE00 /* swiftformat.yaml */,
				B04CA03B24C218FF00FABA63 /* SwiftFormat.xcodeproj */,
			);
			path = SwiftFormat;
			sourceTree = "<group>";
		};
		B04CA03C24C218FF00FABA63 /* Products */ = {
			isa = PBXGroup;
			children = (
				B04CA04524C218FF00FABA63 /* SwiftFormat.framework */,
				B04CA04724C218FF00FABA63 /* SwiftFormatTests.xctest */,
				B04CA04924C218FF00FABA63 /* SwiftFormatPerfTests.xctest */,
				B04CA04B24C218FF00FABA63 /* swiftformat */,
				B04CA04D24C218FF00FABA63 /* SwiftFormat for Xcode.app */,
				B04CA04F24C218FF00FABA63 /* SwiftFormat.appex */,
			);
			name = Products;
			sourceTree = "<group>";
		};
		B04CA05124C2190E00FABA63 /* Products */ = {
			isa = PBXGroup;
			children = (
				B04CA0FF24C2190E00FABA63 /* uncrustify */,
			);
			name = Products;
			sourceTree = "<group>";
		};
		B07E41271DB08882008104EA /* Utilities */ = {
			isa = PBXGroup;
			children = (
				B01536FA2111C7F100F89B9A /* Task.swift */,
				B02E4FF62112B063004F0EA5 /* Constants.swift */,
				B01536F92111C7F100F89B9A /* XCFormat-Bridging-Header.h */,
			);
			path = Utilities;
			sourceTree = "<group>";
		};
		B0A293971DAF64F700CF98C4 = {
			isa = PBXGroup;
			children = (
				B07E41271DB08882008104EA /* Utilities */,
				B0A293A21DAF64F700CF98C4 /* XCFormat */,
				B0287396209FF25F0093FE26 /* uncrustify */,
				B0395D0621141A8800427DBB /* SwiftFormat */,
				B0A293BF1DAF650C00CF98C4 /* SourceExtension */,
				B0A293BC1DAF650C00CF98C4 /* Frameworks */,
				B0A293A11DAF64F700CF98C4 /* Products */,
			);
			sourceTree = "<group>";
		};
		B0A293A11DAF64F700CF98C4 /* Products */ = {
			isa = PBXGroup;
			children = (
				B0A293A01DAF64F700CF98C4 /* XCFormat.app */,
				B0A293BB1DAF650C00CF98C4 /* SourceExtension.appex */,
			);
			name = Products;
			sourceTree = "<group>";
		};
		B0A293A21DAF64F700CF98C4 /* XCFormat */ = {
			isa = PBXGroup;
			children = (
				B02E4FF82112D8FF004F0EA5 /* AppDelegate.swift */,
				B02E50182112DA7A004F0EA5 /* MainViewController.swift */,
				B0565F8E22D84E3400391279 /* AppGroup.swift */,
				B0A293AC1DAF64F700CF98C4 /* Assets.xcassets */,
				B0A293AE1DAF64F700CF98C4 /* Main.storyboard */,
				B0A293B11DAF64F700CF98C4 /* Info.plist */,
				B0A293A61DAF64F700CF98C4 /* Supporting Files */,
			);
			path = XCFormat;
			sourceTree = "<group>";
		};
		B0A293A61DAF64F700CF98C4 /* Supporting Files */ = {
			isa = PBXGroup;
			children = (
				B0A293DB1DAF8CA800CF98C4 /* XCFormat.entitlements */,
			);
			name = "Supporting Files";
			sourceTree = "<group>";
		};
		B0A293BC1DAF650C00CF98C4 /* Frameworks */ = {
			isa = PBXGroup;
			children = (
				B06D1FFA2563B11E009FB754 /* XcodeKit.framework */,
				B0A293BD1DAF650C00CF98C4 /* Cocoa.framework */,
			);
			name = Frameworks;
			sourceTree = "<group>";
		};
		B0A293BF1DAF650C00CF98C4 /* SourceExtension */ = {
			isa = PBXGroup;
			children = (
				B02E501C2112DCBF004F0EA5 /* FormatterExtension.swift */,
				B02E501E2112DCD3004F0EA5 /* FormatterCommand.swift */,
				B0565F9722D8527500391279 /* Error.swift */,
				B0565F9122D84F4F00391279 /* Executable.swift */,
				B061F44F22E1D1BF00D53444 /* SwiftFormat.swift */,
				B061F45222E1D1DA00D53444 /* Uncrustify.swift */,
				B0B6CC6B22720DBD00BD940C /* Util.swift */,
				B0A293C81DAF650C00CF98C4 /* Info.plist */,
				B0A293C01DAF650C00CF98C4 /* Supporting Files */,
			);
			path = SourceExtension;
			sourceTree = "<group>";
		};
		B0A293C01DAF650C00CF98C4 /* Supporting Files */ = {
			isa = PBXGroup;
			children = (
				B0395D0B21141AD900427DBB /* Binary.entitlements */,
				B0A293C11DAF650C00CF98C4 /* SourceExtension.entitlements */,
			);
			name = "Supporting Files";
			sourceTree = "<group>";
		};
/* End PBXGroup section */

/* Begin PBXNativeTarget section */
		B0A2939F1DAF64F700CF98C4 /* XCFormat */ = {
			isa = PBXNativeTarget;
			buildConfigurationList = B0A293B41DAF64F700CF98C4 /* Build configuration list for PBXNativeTarget "XCFormat" */;
			buildPhases = (
				B0A2939C1DAF64F700CF98C4 /* Sources */,
				B0A2939D1DAF64F700CF98C4 /* Frameworks */,
				B0A2939E1DAF64F700CF98C4 /* Resources */,
				B0A293CF1DAF650C00CF98C4 /* Embed App Extensions */,
			);
			buildRules = (
			);
			dependencies = (
				B0A293CA1DAF650C00CF98C4 /* PBXTargetDependency */,
			);
			name = XCFormat;
			packageProductDependencies = (
				B0AFE3A32567707500AC4921 /* Yams */,
			);
			productName = XCFormat;
			productReference = B0A293A01DAF64F700CF98C4 /* XCFormat.app */;
			productType = "com.apple.product-type.application";
		};
		B0A293BA1DAF650C00CF98C4 /* SourceExtension */ = {
			isa = PBXNativeTarget;
			buildConfigurationList = B0A293CC1DAF650C00CF98C4 /* Build configuration list for PBXNativeTarget "SourceExtension" */;
			buildPhases = (
				B0A293B71DAF650C00CF98C4 /* Sources */,
				B0A293B91DAF650C00CF98C4 /* Resources */,
				B0A293B81DAF650C00CF98C4 /* Frameworks */,
				B0FD8AD224C2C0C30063C930 /* Code Sign CLI */,
				B0FD8ACF24C2A6390063C930 /* Copy CLI */,
				B07A5EC22563C3CE005FD116 /* Embed Frameworks */,
			);
			buildRules = (
			);
			dependencies = (
				B04CA10624C21A7500FABA63 /* PBXTargetDependency */,
				B04CA10824C21A7B00FABA63 /* PBXTargetDependency */,
			);
			name = SourceExtension;
			packageProductDependencies = (
				B0AFE3A6256770A200AC4921 /* Yams */,
			);
			productName = SourceExtension;
			productReference = B0A293BB1DAF650C00CF98C4 /* SourceExtension.appex */;
			productType = "com.apple.product-type.xcode-extension";
		};
/* End PBXNativeTarget section */

/* Begin PBXProject section */
		B0A293981DAF64F700CF98C4 /* Project object */ = {
			isa = PBXProject;
			attributes = {
				CLASSPREFIX = "";
				LastUpgradeCheck = 1020;
				ORGANIZATIONNAME = sugarmo;
				TargetAttributes = {
					B0A2939F1DAF64F700CF98C4 = {
						CreatedOnToolsVersion = 8.0;
						LastSwiftMigration = 1020;
						SystemCapabilities = {
							com.apple.ApplicationGroups.Mac = {
								enabled = 1;
							};
							com.apple.Sandbox = {
								enabled = 1;
							};
						};
					};
					B0A293BA1DAF650C00CF98C4 = {
						CreatedOnToolsVersion = 8.0;
						DevelopmentTeam = J2XWB65W94;
						LastSwiftMigration = 1020;
						ProvisioningStyle = Automatic;
						SystemCapabilities = {
							com.apple.ApplicationGroups.Mac = {
								enabled = 1;
							};
							com.apple.Sandbox = {
								enabled = 1;
							};
						};
					};
				};
			};
			buildConfigurationList = B0A2939B1DAF64F700CF98C4 /* Build configuration list for PBXProject "XCFormat" */;
			compatibilityVersion = "Xcode 9.3";
			developmentRegion = en;
			hasScannedForEncodings = 0;
			knownRegions = (
				en,
				Base,
			);
			mainGroup = B0A293971DAF64F700CF98C4;
			packageReferences = (
				B0AFE3A22567707500AC4921 /* XCRemoteSwiftPackageReference "Yams" */,
			);
			productRefGroup = B0A293A11DAF64F700CF98C4 /* Products */;
			projectDirPath = "";
			projectReferences = (
				{
					ProductGroup = B04CA03C24C218FF00FABA63 /* Products */;
					ProjectRef = B04CA03B24C218FF00FABA63 /* SwiftFormat.xcodeproj */;
				},
				{
					ProductGroup = B04CA05124C2190E00FABA63 /* Products */;
					ProjectRef = B04CA05024C2190E00FABA63 /* uncrustify.xcodeproj */;
				},
			);
			projectRoot = "";
			targets = (
				B0A2939F1DAF64F700CF98C4 /* XCFormat */,
				B0A293BA1DAF650C00CF98C4 /* SourceExtension */,
			);
		};
/* End PBXProject section */

/* Begin PBXReferenceProxy section */
		B04CA04524C218FF00FABA63 /* SwiftFormat.framework */ = {
			isa = PBXReferenceProxy;
			fileType = wrapper.framework;
			path = SwiftFormat.framework;
			remoteRef = B04CA04424C218FF00FABA63 /* PBXContainerItemProxy */;
			sourceTree = BUILT_PRODUCTS_DIR;
		};
		B04CA04724C218FF00FABA63 /* SwiftFormatTests.xctest */ = {
			isa = PBXReferenceProxy;
			fileType = wrapper.cfbundle;
			path = SwiftFormatTests.xctest;
			remoteRef = B04CA04624C218FF00FABA63 /* PBXContainerItemProxy */;
			sourceTree = BUILT_PRODUCTS_DIR;
		};
		B04CA04924C218FF00FABA63 /* SwiftFormatPerfTests.xctest */ = {
			isa = PBXReferenceProxy;
			fileType = wrapper.cfbundle;
			path = SwiftFormatPerfTests.xctest;
			remoteRef = B04CA04824C218FF00FABA63 /* PBXContainerItemProxy */;
			sourceTree = BUILT_PRODUCTS_DIR;
		};
		B04CA04B24C218FF00FABA63 /* swiftformat */ = {
			isa = PBXReferenceProxy;
			fileType = "compiled.mach-o.executable";
			path = swiftformat;
			remoteRef = B04CA04A24C218FF00FABA63 /* PBXContainerItemProxy */;
			sourceTree = BUILT_PRODUCTS_DIR;
		};
		B04CA04D24C218FF00FABA63 /* SwiftFormat for Xcode.app */ = {
			isa = PBXReferenceProxy;
			fileType = wrapper.application;
			path = "SwiftFormat for Xcode.app";
			remoteRef = B04CA04C24C218FF00FABA63 /* PBXContainerItemProxy */;
			sourceTree = BUILT_PRODUCTS_DIR;
		};
		B04CA04F24C218FF00FABA63 /* SwiftFormat.appex */ = {
			isa = PBXReferenceProxy;
			fileType = "wrapper.app-extension";
			path = SwiftFormat.appex;
			remoteRef = B04CA04E24C218FF00FABA63 /* PBXContainerItemProxy */;
			sourceTree = BUILT_PRODUCTS_DIR;
		};
		B04CA0FF24C2190E00FABA63 /* uncrustify */ = {
			isa = PBXReferenceProxy;
			fileType = "compiled.mach-o.executable";
			path = uncrustify;
			remoteRef = B04CA0FE24C2190E00FABA63 /* PBXContainerItemProxy */;
			sourceTree = BUILT_PRODUCTS_DIR;
		};
/* End PBXReferenceProxy section */

/* Begin PBXResourcesBuildPhase section */
		B0A2939E1DAF64F700CF98C4 /* Resources */ = {
			isa = PBXResourcesBuildPhase;
			buildActionMask = 2147483647;
			files = (
				B0A293AD1DAF64F700CF98C4 /* Assets.xcassets in Resources */,
				B0A293B01DAF64F700CF98C4 /* Main.storyboard in Resources */,
				B0565F9B22D858DC00391279 /* uncrustify.cfg in Resources */,
				B0AABFF72567B3020023FE00 /* swiftformat.yaml in Resources */,
			);
			runOnlyForDeploymentPostprocessing = 0;
		};
		B0A293B91DAF650C00CF98C4 /* Resources */ = {
			isa = PBXResourcesBuildPhase;
			buildActionMask = 2147483647;
			files = (
				B028739F209FF2C00093FE26 /* uncrustify.cfg in Resources */,
				B0AABFF92567B3020023FE00 /* swiftformat.yaml in Resources */,
			);
			runOnlyForDeploymentPostprocessing = 0;
		};
/* End PBXResourcesBuildPhase section */

/* Begin PBXShellScriptBuildPhase section */
		B0FD8AD224C2C0C30063C930 /* Code Sign CLI */ = {
			isa = PBXShellScriptBuildPhase;
			buildActionMask = 2147483647;
			files = (
			);
			inputFileListPaths = (
			);
			inputPaths = (
			);
			name = "Code Sign CLI";
			outputFileListPaths = (
			);
			outputPaths = (
			);
			runOnlyForDeploymentPostprocessing = 0;
			shellPath = /bin/sh;
			shellScript = "\"${SRCROOT}/Scripts/codesign-build.sh\" swiftformat\n\"${SRCROOT}/Scripts/codesign-build.sh\" uncrustify\n";
		};
/* End PBXShellScriptBuildPhase section */

/* Begin PBXSourcesBuildPhase section */
		B0A2939C1DAF64F700CF98C4 /* Sources */ = {
			isa = PBXSourcesBuildPhase;
			buildActionMask = 2147483647;
			files = (
				B02E4FF92112D8FF004F0EA5 /* AppDelegate.swift in Sources */,
				B061F45022E1D1BF00D53444 /* SwiftFormat.swift in Sources */,
				B0565F9522D84FC400391279 /* Executable.swift in Sources */,
				B0565F9622D84FCA00391279 /* Util.swift in Sources */,
				B0565F8F22D84E3400391279 /* AppGroup.swift in Sources */,
				B0565F9922D852F500391279 /* Error.swift in Sources */,
				B02E50192112DA7A004F0EA5 /* MainViewController.swift in Sources */,
				B061F45322E1D1DA00D53444 /* Uncrustify.swift in Sources */,
			);
			runOnlyForDeploymentPostprocessing = 0;
		};
		B0A293B71DAF650C00CF98C4 /* Sources */ = {
			isa = PBXSourcesBuildPhase;
			buildActionMask = 2147483647;
			files = (
				B0565F9822D8527500391279 /* Error.swift in Sources */,
				B061F45122E1D1BF00D53444 /* SwiftFormat.swift in Sources */,
				B02E501A2112DC84004F0EA5 /* Task.swift in Sources */,
				B0565F9222D84F4F00391279 /* Executable.swift in Sources */,
				B0565F9022D84E9B00391279 /* AppGroup.swift in Sources */,
				B02E501F2112DCD3004F0EA5 /* FormatterCommand.swift in Sources */,
				B0B6CC6C22720DBD00BD940C /* Util.swift in Sources */,
				B02E501B2112DC86004F0EA5 /* Constants.swift in Sources */,
				B02E501D2112DCBF004F0EA5 /* FormatterExtension.swift in Sources */,
				B061F45422E1D1DA00D53444 /* Uncrustify.swift in Sources */,
			);
			runOnlyForDeploymentPostprocessing = 0;
		};
/* End PBXSourcesBuildPhase section */

/* Begin PBXTargetDependency section */
		B04CA10624C21A7500FABA63 /* PBXTargetDependency */ = {
			isa = PBXTargetDependency;
			name = uncrustify;
			targetProxy = B04CA10524C21A7500FABA63 /* PBXContainerItemProxy */;
		};
		B04CA10824C21A7B00FABA63 /* PBXTargetDependency */ = {
			isa = PBXTargetDependency;
			name = CommandLineTool;
			targetProxy = B04CA10724C21A7B00FABA63 /* PBXContainerItemProxy */;
		};
		B0A293CA1DAF650C00CF98C4 /* PBXTargetDependency */ = {
			isa = PBXTargetDependency;
			target = B0A293BA1DAF650C00CF98C4 /* SourceExtension */;
			targetProxy = B0A293C91DAF650C00CF98C4 /* PBXContainerItemProxy */;
		};
/* End PBXTargetDependency section */

/* Begin PBXVariantGroup section */
		B0A293AE1DAF64F700CF98C4 /* Main.storyboard */ = {
			isa = PBXVariantGroup;
			children = (
				B0A293AF1DAF64F700CF98C4 /* Base */,
			);
			name = Main.storyboard;
			sourceTree = "<group>";
		};
/* End PBXVariantGroup section */

/* Begin XCBuildConfiguration section */
		B0A293B21DAF64F700CF98C4 /* Debug */ = {
			isa = XCBuildConfiguration;
			buildSettings = {
				ALWAYS_SEARCH_USER_PATHS = NO;
				CLANG_ANALYZER_LOCALIZABILITY_NONLOCALIZED = YES;
				CLANG_ANALYZER_NONNULL = YES;
				CLANG_CXX_LANGUAGE_STANDARD = "gnu++0x";
				CLANG_CXX_LIBRARY = "libc++";
				CLANG_ENABLE_MODULES = YES;
				CLANG_ENABLE_OBJC_ARC = YES;
				CLANG_WARN_BLOCK_CAPTURE_AUTORELEASING = YES;
				CLANG_WARN_BOOL_CONVERSION = YES;
				CLANG_WARN_COMMA = YES;
				CLANG_WARN_CONSTANT_CONVERSION = YES;
				CLANG_WARN_DEPRECATED_OBJC_IMPLEMENTATIONS = YES;
				CLANG_WARN_DIRECT_OBJC_ISA_USAGE = YES_ERROR;
				CLANG_WARN_DOCUMENTATION_COMMENTS = YES;
				CLANG_WARN_EMPTY_BODY = YES;
				CLANG_WARN_ENUM_CONVERSION = YES;
				CLANG_WARN_INFINITE_RECURSION = YES;
				CLANG_WARN_INT_CONVERSION = YES;
				CLANG_WARN_NON_LITERAL_NULL_CONVERSION = YES;
				CLANG_WARN_OBJC_IMPLICIT_RETAIN_SELF = YES;
				CLANG_WARN_OBJC_LITERAL_CONVERSION = YES;
				CLANG_WARN_OBJC_ROOT_CLASS = YES_ERROR;
				CLANG_WARN_RANGE_LOOP_ANALYSIS = YES;
				CLANG_WARN_STRICT_PROTOTYPES = YES;
				CLANG_WARN_SUSPICIOUS_MOVE = YES;
				CLANG_WARN_SUSPICIOUS_MOVES = YES;
				CLANG_WARN_UNREACHABLE_CODE = YES;
				CLANG_WARN__DUPLICATE_METHOD_MATCH = YES;
				CODE_SIGN_IDENTITY = "Mac Developer";
				COPY_PHASE_STRIP = NO;
				CURRENT_PROJECT_VERSION = 20;
				DEBUG_INFORMATION_FORMAT = dwarf;
				ENABLE_STRICT_OBJC_MSGSEND = YES;
				ENABLE_TESTABILITY = YES;
				GCC_C_LANGUAGE_STANDARD = gnu99;
				GCC_DYNAMIC_NO_PIC = NO;
				GCC_NO_COMMON_BLOCKS = YES;
				GCC_OPTIMIZATION_LEVEL = 0;
				GCC_PREPROCESSOR_DEFINITIONS = (
					"DEBUG=1",
					"$(inherited)",
				);
				GCC_WARN_64_TO_32_BIT_CONVERSION = YES;
				GCC_WARN_ABOUT_RETURN_TYPE = YES_ERROR;
				GCC_WARN_UNDECLARED_SELECTOR = YES;
				GCC_WARN_UNINITIALIZED_AUTOS = YES_AGGRESSIVE;
				GCC_WARN_UNUSED_FUNCTION = YES;
				GCC_WARN_UNUSED_VARIABLE = YES;
				MACOSX_DEPLOYMENT_TARGET = 10.15;
				MTL_ENABLE_DEBUG_INFO = YES;
				ONLY_ACTIVE_ARCH = YES;
				SDKROOT = macosx;
				SWIFT_OPTIMIZATION_LEVEL = "-Onone";
				SWIFT_VERSION = 5.0;
				VERSIONING_SYSTEM = "apple-generic";
			};
			name = Debug;
		};
		B0A293B31DAF64F700CF98C4 /* Release */ = {
			isa = XCBuildConfiguration;
			buildSettings = {
				ALWAYS_SEARCH_USER_PATHS = NO;
				CLANG_ANALYZER_LOCALIZABILITY_NONLOCALIZED = YES;
				CLANG_ANALYZER_NONNULL = YES;
				CLANG_CXX_LANGUAGE_STANDARD = "gnu++0x";
				CLANG_CXX_LIBRARY = "libc++";
				CLANG_ENABLE_MODULES = YES;
				CLANG_ENABLE_OBJC_ARC = YES;
				CLANG_WARN_BLOCK_CAPTURE_AUTORELEASING = YES;
				CLANG_WARN_BOOL_CONVERSION = YES;
				CLANG_WARN_COMMA = YES;
				CLANG_WARN_CONSTANT_CONVERSION = YES;
				CLANG_WARN_DEPRECATED_OBJC_IMPLEMENTATIONS = YES;
				CLANG_WARN_DIRECT_OBJC_ISA_USAGE = YES_ERROR;
				CLANG_WARN_DOCUMENTATION_COMMENTS = YES;
				CLANG_WARN_EMPTY_BODY = YES;
				CLANG_WARN_ENUM_CONVERSION = YES;
				CLANG_WARN_INFINITE_RECURSION = YES;
				CLANG_WARN_INT_CONVERSION = YES;
				CLANG_WARN_NON_LITERAL_NULL_CONVERSION = YES;
				CLANG_WARN_OBJC_IMPLICIT_RETAIN_SELF = YES;
				CLANG_WARN_OBJC_LITERAL_CONVERSION = YES;
				CLANG_WARN_OBJC_ROOT_CLASS = YES_ERROR;
				CLANG_WARN_RANGE_LOOP_ANALYSIS = YES;
				CLANG_WARN_STRICT_PROTOTYPES = YES;
				CLANG_WARN_SUSPICIOUS_MOVE = YES;
				CLANG_WARN_SUSPICIOUS_MOVES = YES;
				CLANG_WARN_UNREACHABLE_CODE = YES;
				CLANG_WARN__DUPLICATE_METHOD_MATCH = YES;
				CODE_SIGN_IDENTITY = "Mac Developer";
				COPY_PHASE_STRIP = NO;
				CURRENT_PROJECT_VERSION = 20;
				DEBUG_INFORMATION_FORMAT = "dwarf-with-dsym";
				ENABLE_NS_ASSERTIONS = NO;
				ENABLE_STRICT_OBJC_MSGSEND = YES;
				GCC_C_LANGUAGE_STANDARD = gnu99;
				GCC_NO_COMMON_BLOCKS = YES;
				GCC_WARN_64_TO_32_BIT_CONVERSION = YES;
				GCC_WARN_ABOUT_RETURN_TYPE = YES_ERROR;
				GCC_WARN_UNDECLARED_SELECTOR = YES;
				GCC_WARN_UNINITIALIZED_AUTOS = YES_AGGRESSIVE;
				GCC_WARN_UNUSED_FUNCTION = YES;
				GCC_WARN_UNUSED_VARIABLE = YES;
				MACOSX_DEPLOYMENT_TARGET = 10.15;
				MTL_ENABLE_DEBUG_INFO = NO;
				SDKROOT = macosx;
				SWIFT_COMPILATION_MODE = wholemodule;
				SWIFT_VERSION = 5.0;
				VERSIONING_SYSTEM = "apple-generic";
			};
			name = Release;
		};
		B0A293B51DAF64F700CF98C4 /* Debug */ = {
			isa = XCBuildConfiguration;
			buildSettings = {
				ALWAYS_EMBED_SWIFT_STANDARD_LIBRARIES = YES;
				ASSETCATALOG_COMPILER_APPICON_NAME = AppIcon;
				CLANG_ENABLE_MODULES = YES;
				CODE_SIGN_ENTITLEMENTS = XCFormat/XCFormat.entitlements;
				CODE_SIGN_IDENTITY = "Apple Development";
				CODE_SIGN_STYLE = Automatic;
				COMBINE_HIDPI_IMAGES = YES;
				DEVELOPMENT_TEAM = J2XWB65W94;
				INFOPLIST_FILE = XCFormat/Info.plist;
				LD_RUNPATH_SEARCH_PATHS = (
					"$(inherited)",
					"@executable_path/../Frameworks",
				);
				PRODUCT_BUNDLE_IDENTIFIER = com.sugarmo.XCFormat;
				PRODUCT_NAME = "$(TARGET_NAME)";
				PROVISIONING_PROFILE_SPECIFIER = "";
				SWIFT_OBJC_BRIDGING_HEADER = "Utilities/XCFormat-Bridging-Header.h";
				SWIFT_OPTIMIZATION_LEVEL = "-Onone";
			};
			name = Debug;
		};
		B0A293B61DAF64F700CF98C4 /* Release */ = {
			isa = XCBuildConfiguration;
			buildSettings = {
				ALWAYS_EMBED_SWIFT_STANDARD_LIBRARIES = YES;
				ASSETCATALOG_COMPILER_APPICON_NAME = AppIcon;
				CLANG_ENABLE_MODULES = YES;
				CODE_SIGN_ENTITLEMENTS = XCFormat/XCFormat.entitlements;
				CODE_SIGN_IDENTITY = "Apple Development";
				CODE_SIGN_STYLE = Automatic;
				COMBINE_HIDPI_IMAGES = YES;
				DEVELOPMENT_TEAM = J2XWB65W94;
				INFOPLIST_FILE = XCFormat/Info.plist;
				LD_RUNPATH_SEARCH_PATHS = (
					"$(inherited)",
					"@executable_path/../Frameworks",
				);
				PRODUCT_BUNDLE_IDENTIFIER = com.sugarmo.XCFormat;
				PRODUCT_NAME = "$(TARGET_NAME)";
				PROVISIONING_PROFILE_SPECIFIER = "";
				SWIFT_OBJC_BRIDGING_HEADER = "Utilities/XCFormat-Bridging-Header.h";
			};
			name = Release;
		};
		B0A293CD1DAF650C00CF98C4 /* Debug */ = {
			isa = XCBuildConfiguration;
			buildSettings = {
				CODE_SIGN_ENTITLEMENTS = SourceExtension/SourceExtension.entitlements;
				CODE_SIGN_IDENTITY = "Apple Development";
				COMBINE_HIDPI_IMAGES = YES;
				DEVELOPMENT_TEAM = J2XWB65W94;
				INFOPLIST_FILE = SourceExtension/Info.plist;
				LD_RUNPATH_SEARCH_PATHS = (
					"$(inherited)",
					"@executable_path/../Frameworks",
					"@executable_path/../../../../Frameworks",
				);
				PRODUCT_BUNDLE_IDENTIFIER = com.sugarmo.XCFormat.SourceExtension;
				PRODUCT_NAME = "$(TARGET_NAME)";
				SKIP_INSTALL = YES;
			};
			name = Debug;
		};
		B0A293CE1DAF650C00CF98C4 /* Release */ = {
			isa = XCBuildConfiguration;
			buildSettings = {
				CODE_SIGN_ENTITLEMENTS = SourceExtension/SourceExtension.entitlements;
				CODE_SIGN_IDENTITY = "Apple Development";
				COMBINE_HIDPI_IMAGES = YES;
				DEVELOPMENT_TEAM = J2XWB65W94;
				INFOPLIST_FILE = SourceExtension/Info.plist;
				LD_RUNPATH_SEARCH_PATHS = (
					"$(inherited)",
					"@executable_path/../Frameworks",
					"@executable_path/../../../../Frameworks",
				);
				PRODUCT_BUNDLE_IDENTIFIER = com.sugarmo.XCFormat.SourceExtension;
				PRODUCT_NAME = "$(TARGET_NAME)";
				SKIP_INSTALL = YES;
			};
			name = Release;
		};
/* End XCBuildConfiguration section */

/* Begin XCConfigurationList section */
		B0A2939B1DAF64F700CF98C4 /* Build configuration list for PBXProject "XCFormat" */ = {
			isa = XCConfigurationList;
			buildConfigurations = (
				B0A293B21DAF64F700CF98C4 /* Debug */,
				B0A293B31DAF64F700CF98C4 /* Release */,
			);
			defaultConfigurationIsVisible = 0;
			defaultConfigurationName = Release;
		};
		B0A293B41DAF64F700CF98C4 /* Build configuration list for PBXNativeTarget "XCFormat" */ = {
			isa = XCConfigurationList;
			buildConfigurations = (
				B0A293B51DAF64F700CF98C4 /* Debug */,
				B0A293B61DAF64F700CF98C4 /* Release */,
			);
			defaultConfigurationIsVisible = 0;
			defaultConfigurationName = Release;
		};
		B0A293CC1DAF650C00CF98C4 /* Build configuration list for PBXNativeTarget "SourceExtension" */ = {
			isa = XCConfigurationList;
			buildConfigurations = (
				B0A293CD1DAF650C00CF98C4 /* Debug */,
				B0A293CE1DAF650C00CF98C4 /* Release */,
			);
			defaultConfigurationIsVisible = 0;
			defaultConfigurationName = Release;
		};
/* End XCConfigurationList section */

/* Begin XCRemoteSwiftPackageReference section */
		B0AFE3A22567707500AC4921 /* XCRemoteSwiftPackageReference "Yams" */ = {
			isa = XCRemoteSwiftPackageReference;
			repositoryURL = "https://github.com/jpsim/Yams";
			requirement = {
				kind = upToNextMajorVersion;
				minimumVersion = 4.0.1;
			};
		};
/* End XCRemoteSwiftPackageReference section */

/* Begin XCSwiftPackageProductDependency section */
		B0AFE3A32567707500AC4921 /* Yams */ = {
			isa = XCSwiftPackageProductDependency;
			package = B0AFE3A22567707500AC4921 /* XCRemoteSwiftPackageReference "Yams" */;
			productName = Yams;
		};
		B0AFE3A6256770A200AC4921 /* Yams */ = {
			isa = XCSwiftPackageProductDependency;
			package = B0AFE3A22567707500AC4921 /* XCRemoteSwiftPackageReference "Yams" */;
			productName = Yams;
		};
/* End XCSwiftPackageProductDependency section */
	};
	rootObject = B0A293981DAF64F700CF98C4 /* Project object */;
}
