{
  "object": {
    "pins": [
      {
        "package": "Yams",
        "repositoryURL": "https://github.com/jpsim/Yams",
        "state": {
          "branch": null,
          "revision": "138cf1b701cf825233b92ceac919152d5aba8a3f",
          "version": "4.0.1"
        }
      }
    ]
  },
  "version": 1
}
